{
  "name": "openawe-openclaw-client",
  "version": "0.1.0",
  "lockfileVersion": 3,
  "requires": true,
  "packages": {
    "": {
      "name": "openawe-openclaw-client",
      "version": "0.1.0",
      "license": "MIT",
      "dependencies": {
        "@openawe/crypto": "file:../openawe-crypto",
        "libsodium-wrappers": "^0.8.2",
        "ws": "^8.16.0"
      }
    },
    "../openawe-crypto": {
      "name": "@openawe/crypto",
      "version": "0.1.0",
      "license": "MIT",
      "dependencies": {
        "libsodium-wrappers": "^0.7.15"
      },
      "devDependencies": {
        "@types/jest": "^29.5.0",
        "@types/libsodium-wrappers": "^0.7.14",
        "jest": "^29.7.0",
        "ts-jest": "^29.2.0",
        "typescript": "^5.5.0"
      }
    },
    "node_modules/@openawe/crypto": {
      "resolved": "../openawe-crypto",
      "link": true
    },
    "node_modules/libsodium": {
      "version": "0.8.2",
      "resolved": "https://registry.npmjs.org/libsodium/-/libsodium-0.8.2.tgz",
      "integrity": "sha512-TsnGYMoZtpweT+kR+lOv5TVsnJ/9U0FZOsLFzFOMWmxqOAYXjX3fsrPAW+i1LthgDKXJnI9A8dWEanT1tnJKIw==",
      "license": "ISC"
    },
    "node_modules/libsodium-wrappers": {
      "version": "0.8.2",
      "resolved": "https://registry.npmjs.org/libsodium-wrappers/-/libsodium-wrappers-0.8.2.tgz",
      "integrity": "sha512-VFLmfxkxo+U9q60tjcnSomQBRx2UzlRjKWJqvB4K1pUqsMQg4cu3QXA2nrcsj9A1qRsnJBbi2Ozx1hsiDoCkhw==",
      "license": "ISC",
      "dependencies": {
        "libsodium": "^0.8.0"
      }
    },
    "node_modules/ws": {
      "version": "8.19.0",
      "resolved": "https://registry.npmjs.org/ws/-/ws-8.19.0.tgz",
      "integrity": "sha512-blAT2mjOEIi0ZzruJfIhb3nps74PRWTCz1IjglWEEpQl5XS/UNama6u2/rjFkDDouqr4L67ry+1aGIALViWjDg==",
      "license": "MIT",
      "engines": {
        "node": ">=10.0.0"
      },
      "peerDependencies": {
        "bufferutil": "^4.0.1",
        "utf-8-validate": ">=5.0.2"
      },
      "peerDependenciesMeta": {
        "bufferutil": {
          "optional": true
        },
        "utf-8-validate": {
          "optional": true
        }
      }
    }
  }
}
